// !$*UTF8*$!
{
	archiveVersion = 1;
	classes = {
	};
	objectVersion = 50;
	objects = {

/* Begin PBXBuildFile section */
		5C5845F125089D9E000DC4B8 /* AppDelegate.swift in Sources */ = {isa = PBXBuildFile; fileRef = 5C5845F025089D9E000DC4B8 /* AppDelegate.swift */; };
		5C5845F325089D9E000DC4B8 /* SceneDelegate.swift in Sources */ = {isa = PBXBuildFile; fileRef = 5C5845F225089D9E000DC4B8 /* SceneDelegate.swift */; };
		5C5845F525089D9E000DC4B8 /* ViewController.swift in Sources */ = {isa = PBXBuildFile; fileRef = 5C5845F425089D9E000DC4B8 /* ViewController.swift */; };
		5C5845F825089D9E000DC4B8 /* Main.storyboard in Resources */ = {isa = PBXBuildFile; fileRef = 5C5845F625089D9E000DC4B8 /* Main.storyboard */; };
		5C5845FA25089D9F000DC4B8 /* Assets.xcassets in Resources */ = {isa = PBXBuildFile; fileRef = 5C5845F925089D9F000DC4B8 /* Assets.xcassets */; };
		5C5845FD25089DA0000DC4B8 /* LaunchScreen.storyboard in Resources */ = {isa = PBXBuildFile; fileRef = 5C5845FB25089DA0000DC4B8 /* LaunchScreen.storyboard */; };
		5C58460825089DA0000DC4B8 /* PencilKitAppTests.swift in Sources */ = {isa = PBXBuildFile; fileRef = 5C58460725089DA0000DC4B8 /* PencilKitAppTests.swift */; };
		5C58461325089DA0000DC4B8 /* PencilKitAppUITests.swift in Sources */ = {isa = PBXBuildFile; fileRef = 5C58461225089DA0000DC4B8 /* PencilKitAppUITests.swift */; };
/* End PBXBuildFile section */

/* Begin PBXContainerItemProxy section */
		5C58460425089DA0000DC4B8 /* PBXContainerItemProxy */ = {
			isa = PBXContainerItemProxy;
			containerPortal = 5C5845E525089D9E000DC4B8 /* Project object */;
			proxyType = 1;
			remoteGlobalIDString = 5C5845EC25089D9E000DC4B8;
			remoteInfo = PencilKitApp;
		};
		5C58460F25089DA0000DC4B8 /* PBXContainerItemProxy */ = {
			isa = PBXContainerItemProxy;
			containerPortal = 5C5845E525089D9E000DC4B8 /* Project object */;
			proxyType = 1;
			remoteGlobalIDString = 5C5845EC25089D9E000DC4B8;
			remoteInfo = PencilKitApp;
		};
/* End PBXContainerItemProxy section */

/* Begin PBXFileReference section */
		5C5845ED25089D9E000DC4B8 /* PencilKitApp.app */ = {isa = PBXFileReference; explicitFileType = wrapper.application; includeInIndex = 0; path = PencilKitApp.app; sourceTree = BUILT_PRODUCTS_DIR; };
		5C5845F025089D9E000DC4B8 /* AppDelegate.swift */ = {isa = PBXFileReference; lastKnownFileType = sourcecode.swift; path = AppDelegate.swift; sourceTree = "<group>"; };
		5C5845F225089D9E000DC4B8 /* SceneDelegate.swift */ = {isa = PBXFileReference; lastKnownFileType = sourcecode.swift; path = SceneDelegate.swift; sourceTree = "<group>"; };
		5C5845F425089D9E000DC4B8 /* ViewController.swift */ = {isa = PBXFileReference; lastKnownFileType = sourcecode.swift; path = ViewController.swift; sourceTree = "<group>"; };
		5C5845F725089D9E000DC4B8 /* Base */ = {isa = PBXFileReference; lastKnownFileType = file.storyboard; name = Base; path = Base.lproj/Main.storyboard; sourceTree = "<group>"; };
		5C5845F925089D9F000DC4B8 /* Assets.xcassets */ = {isa = PBXFileReference; lastKnownFileType = folder.assetcatalog; path = Assets.xcassets; sourceTree = "<group>"; };
		5C5845FC25089DA0000DC4B8 /* Base */ = {isa = PBXFileReference; lastKnownFileType = file.storyboard; name = Base; path = Base.lproj/LaunchScreen.storyboard; sourceTree = "<group>"; };
		5C5845FE25089DA0000DC4B8 /* Info.plist */ = {isa = PBXFileReference; lastKnownFileType = text.plist.xml; path = Info.plist; sourceTree = "<group>"; };
		5C58460325089DA0000DC4B8 /* PencilKitAppTests.xctest */ = {isa = PBXFileReference; explicitFileType = wrapper.cfbundle; includeInIndex = 0; path = PencilKitAppTests.xctest; sourceTree = BUILT_PRODUCTS_DIR; };
		5C58460725089DA0000DC4B8 /* PencilKitAppTests.swift */ = {isa = PBXFileReference; lastKnownFileType = sourcecode.swift; path = PencilKitAppTests.swift; sourceTree = "<group>"; };
		5C58460925089DA0000DC4B8 /* Info.plist */ = {isa = PBXFileReference; lastKnownFileType = text.plist.xml; path = Info.plist; sourceTree = "<group>"; };
		5C58460E25089DA0000DC4B8 /* PencilKitAppUITests.xctest */ = {isa = PBXFileReference; explicitFileType = wrapper.cfbundle; includeInIndex = 0; path = PencilKitAppUITests.xctest; sourceTree = BUILT_PRODUCTS_DIR; };
		5C58461225089DA0000DC4B8 /* PencilKitAppUITests.swift */ = {isa = PBXFileReference; lastKnownFileType = sourcecode.swift; path = PencilKitAppUITests.swift; sourceTree = "<group>"; };
		5C58461425089DA0000DC4B8 /* Info.plist */ = {isa = PBXFileReference; lastKnownFileType = text.plist.xml; path = Info.plist; sourceTree = "<group>"; };
/* End PBXFileReference section */

/* Begin PBXFrameworksBuildPhase section */
		5C5845EA25089D9E000DC4B8 /* Frameworks */ = {
			isa = PBXFrameworksBuildPhase;
			buildActionMask = 2147483647;
			files = (
			);
			runOnlyForDeploymentPostprocessing = 0;
		};
		5C58460025089DA0000DC4B8 /* Frameworks */ = {
			isa = PBXFrameworksBuildPhase;
			buildActionMask = 2147483647;
			files = (
			);
			runOnlyForDeploymentPostprocessing = 0;
		};
		5C58460B25089DA0000DC4B8 /* Frameworks */ = {
			isa = PBXFrameworksBuildPhase;
			buildActionMask = 2147483647;
			files = (
			);
			runOnlyForDeploymentPostprocessing = 0;
		};
/* End PBXFrameworksBuildPhase section */

/* Begin PBXGroup section */
		5C5845E425089D9E000DC4B8 = {
			isa = PBXGroup;
			children = (
				5C5845EF25089D9E000DC4B8 /* PencilKitApp */,
				5C58460625089DA0000DC4B8 /* PencilKitAppTests */,
				5C58461125089DA0000DC4B8 /* PencilKitAppUITests */,
				5C5845EE25089D9E000DC4B8 /* Products */,
			);
			sourceTree = "<group>";
		};
		5C5845EE25089D9E000DC4B8 /* Products */ = {
			isa = PBXGroup;
			children = (
				5C5845ED25089D9E000DC4B8 /* PencilKitApp.app */,
				5C58460325089DA0000DC4B8 /* PencilKitAppTests.xctest */,
				5C58460E25089DA0000DC4B8 /* PencilKitAppUITests.xctest */,
			);
			name = Products;
			sourceTree = "<group>";
		};
		5C5845EF25089D9E000DC4B8 /* PencilKitApp */ = {
			isa = PBXGroup;
			children = (
				5C5845F025089D9E000DC4B8 /* AppDelegate.swift */,
				5C5845F225089D9E000DC4B8 /* SceneDelegate.swift */,
				5C5845F425089D9E000DC4B8 /* ViewController.swift */,
				5C5845F625089D9E000DC4B8 /* Main.storyboard */,
				5C5845F925089D9F000DC4B8 /* Assets.xcassets */,
				5C5845FB25089DA0000DC4B8 /* LaunchScreen.storyboard */,
				5C5845FE25089DA0000DC4B8 /* Info.plist */,
			);
			path = PencilKitApp;
			sourceTree = "<group>";
		};
		5C58460625089DA0000DC4B8 /* PencilKitAppTests */ = {
			isa = PBXGroup;
			children = (
				5C58460725089DA0000DC4B8 /* PencilKitAppTests.swift */,
				5C58460925089DA0000DC4B8 /* Info.plist */,
			);
			path = PencilKitAppTests;
			sourceTree = "<group>";
		};
		5C58461125089DA0000DC4B8 /* PencilKitAppUITests */ = {
			isa = PBXGroup;
			children = (
				5C58461225089DA0000DC4B8 /* PencilKitAppUITests.swift */,
				5C58461425089DA0000DC4B8 /* Info.plist */,
			);
			path = PencilKitAppUITests;
			sourceTree = "<group>";
		};
/* End PBXGroup section */

/* Begin PBXNativeTarget section */
		5C5845EC25089D9E000DC4B8 /* PencilKitApp */ = {
			isa = PBXNativeTarget;
			buildConfigurationList = 5C58461725089DA0000DC4B8 /* Build configuration list for PBXNativeTarget "PencilKitApp" */;
			buildPhases = (
				5C5845E925089D9E000DC4B8 /* Sources */,
				5C5845EA25089D9E000DC4B8 /* Frameworks */,
				5C5845EB25089D9E000DC4B8 /* Resources */,
			);
			buildRules = (
			);
			dependencies = (
			);
			name = PencilKitApp;
			productName = PencilKitApp;
			productReference = 5C5845ED25089D9E000DC4B8 /* PencilKitApp.app */;
			productType = "com.apple.product-type.application";
		};
		5C58460225089DA0000DC4B8 /* PencilKitAppTests */ = {
			isa = PBXNativeTarget;
			buildConfigurationList = 5C58461A25089DA0000DC4B8 /* Build configuration list for PBXNativeTarget "PencilKitAppTests" */;
			buildPhases = (
				5C5845FF25089DA0000DC4B8 /* Sources */,
				5C58460025089DA0000DC4B8 /* Frameworks */,
				5C58460125089DA0000DC4B8 /* Resources */,
			);
			buildRules = (
			);
			dependencies = (
				5C58460525089DA0000DC4B8 /* PBXTargetDependency */,
			);
			name = PencilKitAppTests;
			productName = PencilKitAppTests;
			productReference = 5C58460325089DA0000DC4B8 /* PencilKitAppTests.xctest */;
			productType = "com.apple.product-type.bundle.unit-test";
		};
		5C58460D25089DA0000DC4B8 /* PencilKitAppUITests */ = {
			isa = PBXNativeTarget;
			buildConfigurationList = 5C58461D25089DA0000DC4B8 /* Build configuration list for PBXNativeTarget "PencilKitAppUITests" */;
			buildPhases = (
				5C58460A25089DA0000DC4B8 /* Sources */,
				5C58460B25089DA0000DC4B8 /* Frameworks */,
				5C58460C25089DA0000DC4B8 /* Resources */,
			);
			buildRules = (
			);
			dependencies = (
				5C58461025089DA0000DC4B8 /* PBXTargetDependency */,
			);
			name = PencilKitAppUITests;
			productName = PencilKitAppUITests;
			productReference = 5C58460E25089DA0000DC4B8 /* PencilKitAppUITests.xctest */;
			productType = "com.apple.product-type.bundle.ui-testing";
		};
/* End PBXNativeTarget section */

/* Begin PBXProject section */
		5C5845E525089D9E000DC4B8 /* Project object */ = {
			isa = PBXProject;
			attributes = {
				LastSwiftUpdateCheck = 1150;
				LastUpgradeCheck = 1150;
				ORGANIZATIONNAME = "Shreyas Vilaschandra Bhike";
				TargetAttributes = {
					5C5845EC25089D9E000DC4B8 = {
						CreatedOnToolsVersion = 11.5;
					};
					5C58460225089DA0000DC4B8 = {
						CreatedOnToolsVersion = 11.5;
						TestTargetID = 5C5845EC25089D9E000DC4B8;
					};
					5C58460D25089DA0000DC4B8 = {
						CreatedOnToolsVersion = 11.5;
						TestTargetID = 5C5845EC25089D9E000DC4B8;
					};
				};
			};
			buildConfigurationList = 5C5845E825089D9E000DC4B8 /* Build configuration list for PBXProject "PencilKitApp" */;
			compatibilityVersion = "Xcode 9.3";
			developmentRegion = en;
			hasScannedForEncodings = 0;
			knownRegions = (
				en,
				Base,
			);
			mainGroup = 5C5845E425089D9E000DC4B8;
			productRefGroup = 5C5845EE25089D9E000DC4B8 /* Products */;
			projectDirPath = "";
			projectRoot = "";
			targets = (
				5C5845EC25089D9E000DC4B8 /* PencilKitApp */,
				5C58460225089DA0000DC4B8 /* PencilKitAppTests */,
				5C58460D25089DA0000DC4B8 /* PencilKitAppUITests */,
			);
		};
/* End PBXProject section */

/* Begin PBXResourcesBuildPhase section */
		5C5845EB25089D9E000DC4B8 /* Resources */ = {
			isa = PBXResourcesBuildPhase;
			buildActionMask = 2147483647;
			files = (
				5C5845FD25089DA0000DC4B8 /* LaunchScreen.storyboard in Resources */,
				5C5845FA25089D9F000DC4B8 /* Assets.xcassets in Resources */,
				5C5845F825089D9E000DC4B8 /* Main.storyboard in Resources */,
			);
			runOnlyForDeploymentPostprocessing = 0;
		};
		5C58460125089DA0000DC4B8 /* Resources */ = {
			isa = PBXResourcesBuildPhase;
			buildActionMask = 2147483647;
			files = (
			);
			runOnlyForDeploymentPostprocessing = 0;
		};
		5C58460C25089DA0000DC4B8 /* Resources */ = {
			isa = PBXResourcesBuildPhase;
			buildActionMask = 2147483647;
			files = (
			);
			runOnlyForDeploymentPostprocessing = 0;
		};
/* End PBXResourcesBuildPhase section */

/* Begin PBXSourcesBuildPhase section */
		5C5845E925089D9E000DC4B8 /* Sources */ = {
			isa = PBXSourcesBuildPhase;
			buildActionMask = 2147483647;
			files = (
				5C5845F525089D9E000DC4B8 /* ViewController.swift in Sources */,
				5C5845F125089D9E000DC4B8 /* AppDelegate.swift in Sources */,
				5C5845F325089D9E000DC4B8 /* SceneDelegate.swift in Sources */,
			);
			runOnlyForDeploymentPostprocessing = 0;
		};
		5C5845FF25089DA0000DC4B8 /* Sources */ = {
			isa = PBXSourcesBuildPhase;
			buildActionMask = 2147483647;
			files = (
				5C58460825089DA0000DC4B8 /* PencilKitAppTests.swift in Sources */,
			);
			runOnlyForDeploymentPostprocessing = 0;
		};
		5C58460A25089DA0000DC4B8 /* Sources */ = {
			isa = PBXSourcesBuildPhase;
			buildActionMask = 2147483647;
			files = (
				5C58461325089DA0000DC4B8 /* PencilKitAppUITests.swift in Sources */,
			);
			runOnlyForDeploymentPostprocessing = 0;
		};
/* End PBXSourcesBuildPhase section */

/* Begin PBXTargetDependency section */
		5C58460525089DA0000DC4B8 /* PBXTargetDependency */ = {
			isa = PBXTargetDependency;
			target = 5C5845EC25089D9E000DC4B8 /* PencilKitApp */;
			targetProxy = 5C58460425089DA0000DC4B8 /* PBXContainerItemProxy */;
		};
		5C58461025089DA0000DC4B8 /* PBXTargetDependency */ = {
			isa = PBXTargetDependency;
			target = 5C5845EC25089D9E000DC4B8 /* PencilKitApp */;
			targetProxy = 5C58460F25089DA0000DC4B8 /* PBXContainerItemProxy */;
		};
/* End PBXTargetDependency section */

/* Begin PBXVariantGroup section */
		5C5845F625089D9E000DC4B8 /* Main.storyboard */ = {
			isa = PBXVariantGroup;
			children = (
				5C5845F725089D9E000DC4B8 /* Base */,
			);
			name = Main.storyboard;
			sourceTree = "<group>";
		};
		5C5845FB25089DA0000DC4B8 /* LaunchScreen.storyboard */ = {
			isa = PBXVariantGroup;
			children = (
				5C5845FC25089DA0000DC4B8 /* Base */,
			);
			name = LaunchScreen.storyboard;
			sourceTree = "<group>";
		};
/* End PBXVariantGroup section */

/* Begin XCBuildConfiguration section */
		5C58461525089DA0000DC4B8 /* Debug */ = {
			isa = XCBuildConfiguration;
			buildSettings = {
				ALWAYS_SEARCH_USER_PATHS = NO;
				CLANG_ANALYZER_NONNULL = YES;
				CLANG_ANALYZER_NUMBER_OBJECT_CONVERSION = YES_AGGRESSIVE;
				CLANG_CXX_LANGUAGE_STANDARD = "gnu++14";
				CLANG_CXX_LIBRARY = "libc++";
				CLANG_ENABLE_MODULES = YES;
				CLANG_ENABLE_OBJC_ARC = YES;
				CLANG_ENABLE_OBJC_WEAK = YES;
				CLANG_WARN_BLOCK_CAPTURE_AUTORELEASING = YES;
				CLANG_WARN_BOOL_CONVERSION = YES;
				CLANG_WARN_COMMA = YES;
				CLANG_WARN_CONSTANT_CONVERSION = YES;
				CLANG_WARN_DEPRECATED_OBJC_IMPLEMENTATIONS = YES;
				CLANG_WARN_DIRECT_OBJC_ISA_USAGE = YES_ERROR;
				CLANG_WARN_DOCUMENTATION_COMMENTS = YES;
				CLANG_WARN_EMPTY_BODY = YES;
				CLANG_WARN_ENUM_CONVERSION = YES;
				CLANG_WARN_INFINITE_RECURSION = YES;
				CLANG_WARN_INT_CONVERSION = YES;
				CLANG_WARN_NON_LITERAL_NULL_CONVERSION = YES;
				CLANG_WARN_OBJC_IMPLICIT_RETAIN_SELF = YES;
				CLANG_WARN_OBJC_LITERAL_CONVERSION = YES;
				CLANG_WARN_OBJC_ROOT_CLASS = YES_ERROR;
				CLANG_WARN_RANGE_LOOP_ANALYSIS = YES;
				CLANG_WARN_STRICT_PROTOTYPES = YES;
				CLANG_WARN_SUSPICIOUS_MOVE = YES;
				CLANG_WARN_UNGUARDED_AVAILABILITY = YES_AGGRESSIVE;
				CLANG_WARN_UNREACHABLE_CODE = YES;
				CLANG_WARN__DUPLICATE_METHOD_MATCH = YES;
				COPY_PHASE_STRIP = NO;
				DEBUG_INFORMATION_FORMAT = dwarf;
				ENABLE_STRICT_OBJC_MSGSEND = YES;
				ENABLE_TESTABILITY = YES;
				GCC_C_LANGUAGE_STANDARD = gnu11;
				GCC_DYNAMIC_NO_PIC = NO;
				GCC_NO_COMMON_BLOCKS = YES;
				GCC_OPTIMIZATION_LEVEL = 0;
				GCC_PREPROCESSOR_DEFINITIONS = (
					"DEBUG=1",
					"$(inherited)",
				);
				GCC_WARN_64_TO_32_BIT_CONVERSION = YES;
				GCC_WARN_ABOUT_RETURN_TYPE = YES_ERROR;
				GCC_WARN_UNDECLARED_SELECTOR = YES;
				GCC_WARN_UNINITIALIZED_AUTOS = YES_AGGRESSIVE;
				GCC_WARN_UNUSED_FUNCTION = YES;
				GCC_WARN_UNUSED_VARIABLE = YES;
				IPHONEOS_DEPLOYMENT_TARGET = 13.5;
				MTL_ENABLE_DEBUG_INFO = INCLUDE_SOURCE;
				MTL_FAST_MATH = YES;
				ONLY_ACTIVE_ARCH = YES;
				SDKROOT = iphoneos;
				SWIFT_ACTIVE_COMPILATION_CONDITIONS = DEBUG;
				SWIFT_OPTIMIZATION_LEVEL = "-Onone";
			};
			name = Debug;
		};
		5C58461625089DA0000DC4B8 /* Release */ = {
			isa = XCBuildConfiguration;
			buildSettings = {
				ALWAYS_SEARCH_USER_PATHS = NO;
				CLANG_ANALYZER_NONNULL = YES;
				CLANG_ANALYZER_NUMBER_OBJECT_CONVERSION = YES_AGGRESSIVE;
				CLANG_CXX_LANGUAGE_STANDARD = "gnu++14";
				CLANG_CXX_LIBRARY = "libc++";
				CLANG_ENABLE_MODULES = YES;
				CLANG_ENABLE_OBJC_ARC = YES;
				CLANG_ENABLE_OBJC_WEAK = YES;
				CLANG_WARN_BLOCK_CAPTURE_AUTORELEASING = YES;
				CLANG_WARN_BOOL_CONVERSION = YES;
				CLANG_WARN_COMMA = YES;
				CLANG_WARN_CONSTANT_CONVERSION = YES;
				CLANG_WARN_DEPRECATED_OBJC_IMPLEMENTATIONS = YES;
				CLANG_WARN_DIRECT_OBJC_ISA_USAGE = YES_ERROR;
				CLANG_WARN_DOCUMENTATION_COMMENTS = YES;
				CLANG_WARN_EMPTY_BODY = YES;
				CLANG_WARN_ENUM_CONVERSION = YES;
				CLANG_WARN_INFINITE_RECURSION = YES;
				CLANG_WARN_INT_CONVERSION = YES;
				CLANG_WARN_NON_LITERAL_NULL_CONVERSION = YES;
				CLANG_WARN_OBJC_IMPLICIT_RETAIN_SELF = YES;
				CLANG_WARN_OBJC_LITERAL_CONVERSION = YES;
				CLANG_WARN_OBJC_ROOT_CLASS = YES_ERROR;
				CLANG_WARN_RANGE_LOOP_ANALYSIS = YES;
				CLANG_WARN_STRICT_PROTOTYPES = YES;
				CLANG_WARN_SUSPICIOUS_MOVE = YES;
				CLANG_WARN_UNGUARDED_AVAILABILITY = YES_AGGRESSIVE;
				CLANG_WARN_UNREACHABLE_CODE = YES;
				CLANG_WARN__DUPLICATE_METHOD_MATCH = YES;
				COPY_PHASE_STRIP = NO;
				DEBUG_INFORMATION_FORMAT = "dwarf-with-dsym";
				ENABLE_NS_ASSERTIONS = NO;
				ENABLE_STRICT_OBJC_MSGSEND = YES;
				GCC_C_LANGUAGE_STANDARD = gnu11;
				GCC_NO_COMMON_BLOCKS = YES;
				GCC_WARN_64_TO_32_BIT_CONVERSION = YES;
				GCC_WARN_ABOUT_RETURN_TYPE = YES_ERROR;
				GCC_WARN_UNDECLARED_SELECTOR = YES;
				GCC_WARN_UNINITIALIZED_AUTOS = YES_AGGRESSIVE;
				GCC_WARN_UNUSED_FUNCTION = YES;
				GCC_WARN_UNUSED_VARIABLE = YES;
				IPHONEOS_DEPLOYMENT_TARGET = 13.5;
				MTL_ENABLE_DEBUG_INFO = NO;
				MTL_FAST_MATH = YES;
				SDKROOT = iphoneos;
				SWIFT_COMPILATION_MODE = wholemodule;
				SWIFT_OPTIMIZATION_LEVEL = "-O";
				VALIDATE_PRODUCT = YES;
			};
			name = Release;
		};
		5C58461825089DA0000DC4B8 /* Debug */ = {
			isa = XCBuildConfiguration;
			buildSettings = {
				ASSETCATALOG_COMPILER_APPICON_NAME = AppIcon;
				CODE_SIGN_STYLE = Automatic;
				INFOPLIST_FILE = PencilKitApp/Info.plist;
				LD_RUNPATH_SEARCH_PATHS = (
					"$(inherited)",
					"@executable_path/Frameworks",
				);
				PRODUCT_BUNDLE_IDENTIFIER = com.shreyasvilaschandrabhike.PencilKitApp;
				PRODUCT_NAME = "$(TARGET_NAME)";
				SWIFT_VERSION = 5.0;
				TARGETED_DEVICE_FAMILY = "1,2";
			};
			name = Debug;
		};
		5C58461925089DA0000DC4B8 /* Release */ = {
			isa = XCBuildConfiguration;
			buildSettings = {
				ASSETCATALOG_COMPILER_APPICON_NAME = AppIcon;
				CODE_SIGN_STYLE = Automatic;
				INFOPLIST_FILE = PencilKitApp/Info.plist;
				LD_RUNPATH_SEARCH_PATHS = (
					"$(inherited)",
					"@executable_path/Frameworks",
				);
				PRODUCT_BUNDLE_IDENTIFIER = com.shreyasvilaschandrabhike.PencilKitApp;
				PRODUCT_NAME = "$(TARGET_NAME)";
				SWIFT_VERSION = 5.0;
				TARGETED_DEVICE_FAMILY = "1,2";
			};
			name = Release;
		};
		5C58461B25089DA0000DC4B8 /* Debug */ = {
			isa = XCBuildConfiguration;
			buildSettings = {
				ALWAYS_EMBED_SWIFT_STANDARD_LIBRARIES = YES;
				BUNDLE_LOADER = "$(TEST_HOST)";
				CODE_SIGN_STYLE = Automatic;
				INFOPLIST_FILE = PencilKitAppTests/Info.plist;
				IPHONEOS_DEPLOYMENT_TARGET = 13.5;
				LD_RUNPATH_SEARCH_PATHS = (
					"$(inherited)",
					"@executable_path/Frameworks",
					"@loader_path/Frameworks",
				);
				PRODUCT_BUNDLE_IDENTIFIER = com.shreyasvilaschandrabhike.PencilKitAppTests;
				PRODUCT_NAME = "$(TARGET_NAME)";
				SWIFT_VERSION = 5.0;
				TARGETED_DEVICE_FAMILY = "1,2";
				TEST_HOST = "$(BUILT_PRODUCTS_DIR)/PencilKitApp.app/PencilKitApp";
			};
			name = Debug;
		};
		5C58461C25089DA0000DC4B8 /* Release */ = {
			isa = XCBuildConfiguration;
			buildSettings = {
				ALWAYS_EMBED_SWIFT_STANDARD_LIBRARIES = YES;
				BUNDLE_LOADER = "$(TEST_HOST)";
				CODE_SIGN_STYLE = Automatic;
				INFOPLIST_FILE = PencilKitAppTests/Info.plist;
				IPHONEOS_DEPLOYMENT_TARGET = 13.5;
				LD_RUNPATH_SEARCH_PATHS = (
					"$(inherited)",
					"@executable_path/Frameworks",
					"@loader_path/Frameworks",
				);
				PRODUCT_BUNDLE_IDENTIFIER = com.shreyasvilaschandrabhike.PencilKitAppTests;
				PRODUCT_NAME = "$(TARGET_NAME)";
				SWIFT_VERSION = 5.0;
				TARGETED_DEVICE_FAMILY = "1,2";
				TEST_HOST = "$(BUILT_PRODUCTS_DIR)/PencilKitApp.app/PencilKitApp";
			};
			name = Release;
		};
		5C58461E25089DA0000DC4B8 /* Debug */ = {
			isa = XCBuildConfiguration;
			buildSettings = {
				ALWAYS_EMBED_SWIFT_STANDARD_LIBRARIES = YES;
				CODE_SIGN_STYLE = Automatic;
				INFOPLIST_FILE = PencilKitAppUITests/Info.plist;
				LD_RUNPATH_SEARCH_PATHS = (
					"$(inherited)",
					"@executable_path/Frameworks",
					"@loader_path/Frameworks",
				);
				PRODUCT_BUNDLE_IDENTIFIER = com.shreyasvilaschandrabhike.PencilKitAppUITests;
				PRODUCT_NAME = "$(TARGET_NAME)";
				SWIFT_VERSION = 5.0;
				TARGETED_DEVICE_FAMILY = "1,2";
				TEST_TARGET_NAME = PencilKitApp;
			};
			name = Debug;
		};
		5C58461F25089DA0000DC4B8 /* Release */ = {
			isa = XCBuildConfiguration;
			buildSettings = {
				ALWAYS_EMBED_SWIFT_STANDARD_LIBRARIES = YES;
				CODE_SIGN_STYLE = Automatic;
				INFOPLIST_FILE = PencilKitAppUITests/Info.plist;
				LD_RUNPATH_SEARCH_PATHS = (
					"$(inherited)",
					"@executable_path/Frameworks",
					"@loader_path/Frameworks",
				);
				PRODUCT_BUNDLE_IDENTIFIER = com.shreyasvilaschandrabhike.PencilKitAppUITests;
				PRODUCT_NAME = "$(TARGET_NAME)";
				SWIFT_VERSION = 5.0;
				TARGETED_DEVICE_FAMILY = "1,2";
				TEST_TARGET_NAME = PencilKitApp;
			};
			name = Release;
		};
/* End XCBuildConfiguration section */

/* Begin XCConfigurationList section */
		5C5845E825089D9E000DC4B8 /* Build configuration list for PBXProject "PencilKitApp" */ = {
			isa = XCConfigurationList;
			buildConfigurations = (
				5C58461525089DA0000DC4B8 /* Debug */,
				5C58461625089DA0000DC4B8 /* Release */,
			);
			defaultConfigurationIsVisible = 0;
			defaultConfigurationName = Release;
		};
		5C58461725089DA0000DC4B8 /* Build configuration list for PBXNativeTarget "PencilKitApp" */ = {
			isa = XCConfigurationList;
			buildConfigurations = (
				5C58461825089DA0000DC4B8 /* Debug */,
				5C58461925089DA0000DC4B8 /* Release */,
			);
			defaultConfigurationIsVisible = 0;
			defaultConfigurationName = Release;
		};
		5C58461A25089DA0000DC4B8 /* Build configuration list for PBXNativeTarget "PencilKitAppTests" */ = {
			isa = XCConfigurationList;
			buildConfigurations = (
				5C58461B25089DA0000DC4B8 /* Debug */,
				5C58461C25089DA0000DC4B8 /* Release */,
			);
			defaultConfigurationIsVisible = 0;
			defaultConfigurationName = Release;
		};
		5C58461D25089DA0000DC4B8 /* Build configuration list for PBXNativeTarget "PencilKitAppUITests" */ = {
			isa = XCConfigurationList;
			buildConfigurations = (
				5C58461E25089DA0000DC4B8 /* Debug */,
				5C58461F25089DA0000DC4B8 /* Release */,
			);
			defaultConfigurationIsVisible = 0;
			defaultConfigurationName = Release;
		};
/* End XCConfigurationList section */
	};
	rootObject = 5C5845E525089D9E000DC4B8 /* Project object */;
}
